
Microsoft Visual Studio Solution File, Format Version 12.00
# Visual Studio 2012
Project("{8BC9CEB8-8B4A-11D0-8D11-00A0C91BC942}") = "FileSystemWactherCLRWrapper", "FileSystemWactherCLRWrapper\FileSystemWactherCLRWrapper.vcxproj", "{B3A20BB5-BCA9-495F-AD08-273599F93D4A}"
EndProject
Global
	GlobalSection(SolutionConfigurationPlatforms) = preSolution
		Debug|Win32 = Debug|Win32
		Debug|x64 = Debug|x64
		Release|Win32 = Release|Win32
		Release|x64 = Release|x64
		x86|Win32 = x86|Win32
		x86|x64 = x86|x64
	EndGlobalSection
	GlobalSection(ProjectConfigurationPlatforms) = postSolution
		{B3A20BB5-BCA9-495F-AD08-273599F93D4A}.Debug|Win32.ActiveCfg = Debug|Win32
		{B3A20BB5-BCA9-495F-AD08-273599F93D4A}.Debug|Win32.Build.0 = Debug|Win32
		{B3A20BB5-BCA9-495F-AD08-273599F93D4A}.Debug|x64.ActiveCfg = Debug|x64
		{B3A20BB5-BCA9-495F-AD08-273599F93D4A}.Debug|x64.Build.0 = Debug|x64
		{B3A20BB5-BCA9-495F-AD08-273599F93D4A}.Release|Win32.ActiveCfg = Release|Win32
		{B3A20BB5-BCA9-495F-AD08-273599F93D4A}.Release|Win32.Build.0 = Release|Win32
		{B3A20BB5-BCA9-495F-AD08-273599F93D4A}.Release|x64.ActiveCfg = Release|x64
		{B3A20BB5-BCA9-495F-AD08-273599F93D4A}.Release|x64.Build.0 = Release|x64
		{B3A20BB5-BCA9-495F-AD08-273599F93D4A}.x86|Win32.ActiveCfg = x86|Win32
		{B3A20BB5-BCA9-495F-AD08-273599F93D4A}.x86|Win32.Build.0 = x86|Win32
		{B3A20BB5-BCA9-495F-AD08-273599F93D4A}.x86|x64.ActiveCfg = x86|x64
		{B3A20BB5-BCA9-495F-AD08-273599F93D4A}.x86|x64.Build.0 = x86|x64
	EndGlobalSection
	GlobalSection(SolutionProperties) = preSolution
		HideSolutionNode = FALSE
	EndGlobalSection
EndGlobal
