
Microsoft Visual Studio Solution File, Format Version 12.00
# Visual Studio 14
VisualStudioVersion = 14.0.23107.0
MinimumVisualStudioVersion = 10.0.40219.1
Project("{8BC9CEB8-8B4A-11D0-8D11-00A0C91BC942}") = "FileSystemWatcherCLRWrapper", "FileSystemWactherCLRWrapper\FileSystemWactherCLRWrapper.vcxproj", "{B3A20BB5-BCA9-495F-AD08-273599F93D4A}"
EndProject
Project("{FAE04EC0-301F-11D3-BF4B-00C04F79EFBC}") = "TestFileSystemWatcher", "TestFileSystemWatcher\TestFileSystemWatcher.csproj", "{14216170-4B4B-43F5-B248-6E4A142EC062}"
EndProject
Global
	GlobalSection(SolutionConfigurationPlatforms) = preSolution
		VisualStudio_2010_Debug|Win32 = VisualStudio_2010_Debug|Win32
		VisualStudio_2010_Debug|x86 = VisualStudio_2010_Debug|x86
		VisualStudio_2010_Release|Win32 = VisualStudio_2010_Release|Win32
		VisualStudio_2010_Release|x86 = VisualStudio_2010_Release|x86
	EndGlobalSection
	GlobalSection(ProjectConfigurationPlatforms) = postSolution
		{B3A20BB5-BCA9-495F-AD08-273599F93D4A}.VisualStudio_2010_Debug|Win32.ActiveCfg = VisualStudio_2010_Debug|Win32
		{B3A20BB5-BCA9-495F-AD08-273599F93D4A}.VisualStudio_2010_Debug|Win32.Build.0 = VisualStudio_2010_Debug|Win32
		{B3A20BB5-BCA9-495F-AD08-273599F93D4A}.VisualStudio_2010_Debug|x86.ActiveCfg = VisualStudio_2010_Debug|Win32
		{B3A20BB5-BCA9-495F-AD08-273599F93D4A}.VisualStudio_2010_Debug|x86.Build.0 = VisualStudio_2010_Debug|Win32
		{B3A20BB5-BCA9-495F-AD08-273599F93D4A}.VisualStudio_2010_Release|Win32.ActiveCfg = VisualStudio_2010_Release|Win32
		{B3A20BB5-BCA9-495F-AD08-273599F93D4A}.VisualStudio_2010_Release|Win32.Build.0 = VisualStudio_2010_Release|Win32
		{B3A20BB5-BCA9-495F-AD08-273599F93D4A}.VisualStudio_2010_Release|x86.ActiveCfg = VisualStudio_2010_Release|Win32
		{B3A20BB5-BCA9-495F-AD08-273599F93D4A}.VisualStudio_2010_Release|x86.Build.0 = VisualStudio_2010_Release|Win32
		{14216170-4B4B-43F5-B248-6E4A142EC062}.VisualStudio_2010_Debug|Win32.ActiveCfg = VisualStudio_2010_Debug|x86
		{14216170-4B4B-43F5-B248-6E4A142EC062}.VisualStudio_2010_Debug|Win32.Build.0 = VisualStudio_2010_Debug|x86
		{14216170-4B4B-43F5-B248-6E4A142EC062}.VisualStudio_2010_Debug|x86.ActiveCfg = VisualStudio_2010_Debug|x86
		{14216170-4B4B-43F5-B248-6E4A142EC062}.VisualStudio_2010_Debug|x86.Build.0 = VisualStudio_2010_Debug|x86
		{14216170-4B4B-43F5-B248-6E4A142EC062}.VisualStudio_2010_Release|Win32.ActiveCfg = VisualStudio_2010_Release|x86
		{14216170-4B4B-43F5-B248-6E4A142EC062}.VisualStudio_2010_Release|Win32.Build.0 = VisualStudio_2010_Release|x86
		{14216170-4B4B-43F5-B248-6E4A142EC062}.VisualStudio_2010_Release|x86.ActiveCfg = VisualStudio_2010_Release|x86
		{14216170-4B4B-43F5-B248-6E4A142EC062}.VisualStudio_2010_Release|x86.Build.0 = VisualStudio_2010_Release|x86
	EndGlobalSection
	GlobalSection(SolutionProperties) = preSolution
		HideSolutionNode = FALSE
	EndGlobalSection
EndGlobal
